{
  "lockfile_version": "1",
  "packages": {
    "github-cli@latest": {
      "last_modified": "2023-02-24T09:01:09Z",
      "resolved": "github:NixOS/nixpkgs/7d0ed7f2e5aea07ab22ccb338d27fbe347ed2f11#github-cli",
      "source": "devbox-search",
      "version": "2.23.0"
    },
    "github:NixOS/nixpkgs/nixpkgs-unstable": {
      "last_modified": "2026-05-29T05:01:12Z",
      "resolved": "github:NixOS/nixpkgs/e9a7635a57597d9754eccebdfc7045e6c8600e6b?lastModified=1780030872&narHash=sha256-u6WU%2Fyd%2Fo8iYQrHX3RAwO1hYa3LkoSL%2BWNQD0rJfJZQ%3D"
    },
    "jq@latest": {
      "last_modified": "2026-03-16T02:27:38Z",
      "resolved": "github:NixOS/nixpkgs/f8573b9c935cfaa162dd62cc9e75ae2db86f85df#jq",
      "source": "devbox-search",
      "version": "1.8.1",
      "systems": {
        "aarch64-darwin": {
          "outputs": [
            {
              "name": "bin",
              "path": "/nix/store/qclllhrddhsqs87zrjhb0rikj9vh382g-jq-1.8.1-bin",
              "default": true
            },
            {
              "name": "man",
              "path": "/nix/store/fw0rb615pja12zpdqdn4w8bxvb310pf9-jq-1.8.1-man",
              "default": true
            },
            {
              "name": "dev",
              "path": "/nix/store/2hj3wiwnf5yjp0n176wgyd9f0ln11zhz-jq-1.8.1-dev"
            },
            {
              "name": "doc",
              "path": "/nix/store/im47zqjcdg2bhx97fkwvx7p1yzi098hz-jq-1.8.1-doc"
            },
            {
              "name": "out",
              "path": "/nix/store/w513pwkks3lw9ligjigpqniqj3dbipsl-jq-1.8.1"
            }
          ],
          "store_path": "/nix/store/qclllhrddhsqs87zrjhb0rikj9vh382g-jq-1.8.1-bin"
        },
        "aarch64-linux": {
          "outputs": [
            {
              "name": "bin",
              "path": "/nix/store/bnsyxn71xzc4nd86k6j25wmzncir628l-jq-1.8.1-bin",
              "default": true
            },
            {
              "name": "man",
              "path": "/nix/store/bl1f8rn2amdw86y6zyxybpz0g9bkd4yw-jq-1.8.1-man",
              "default": true
            },
            {
              "name": "dev",
              "path": "/nix/store/3iy3f3m2ikjsw8bmx7485flysxj1vgk7-jq-1.8.1-dev"
            },
            {
              "name": "doc",
              "path": "/nix/store/rdp9243l8x6pqmcrz99nwa4kf25km9w7-jq-1.8.1-doc"
            },
            {
              "name": "out",
              "path": "/nix/store/zglcyjcxpsnqq4ip8w2myqmlv08641b0-jq-1.8.1"
            }
          ],
          "store_path": "/nix/store/bnsyxn71xzc4nd86k6j25wmzncir628l-jq-1.8.1-bin"
        },
        "x86_64-darwin": {
          "outputs": [
            {
              "name": "bin",
              "path": "/nix/store/silqkfms6xjsaq0w3m0g6ygl4zj9992c-jq-1.8.1-bin",
              "default": true
            },
            {
              "name": "man",
              "path": "/nix/store/034cqaasry6lv5nc3nkngp2p1ww3rib6-jq-1.8.1-man",
              "default": true
            },
            {
              "name": "dev",
              "path": "/nix/store/504ml9mmnn1b1y50i6dd13kbadg4kwj9-jq-1.8.1-dev"
            },
            {
              "name": "doc",
              "path": "/nix/store/yqm1xgg9ivm1jlkn2x0bwyc3l499cw4i-jq-1.8.1-doc"
            },
            {
              "name": "out",
              "path": "/nix/store/hjc1gxah0mlc523mr4h9mxwzk7nx96hq-jq-1.8.1"
            }
          ],
          "store_path": "/nix/store/silqkfms6xjsaq0w3m0g6ygl4zj9992c-jq-1.8.1-bin"
        },
        "x86_64-linux": {
          "outputs": [
            {
              "name": "bin",
              "path": "/nix/store/jyi1vkcbaihqbfbra4qd0107sj1jhdk4-jq-1.8.1-bin",
              "default": true
            },
            {
              "name": "man",
              "path": "/nix/store/lqxm904bymdhvi8fc2l6gpj0n4wq33a8-jq-1.8.1-man",
              "default": true
            },
            {
              "name": "out",
              "path": "/nix/store/70bwclvic12925zck7za5y9g761l9kkh-jq-1.8.1"
            },
            {
              "name": "dev",
              "path": "/nix/store/1m6s8nd3x7s7jddjdgydq10c5wj4dj4h-jq-1.8.1-dev"
            },
            {
              "name": "doc",
              "path": "/nix/store/51isxd9mi828n238hj3572vmfx12msp1-jq-1.8.1-doc"
            }
          ],
          "store_path": "/nix/store/jyi1vkcbaihqbfbra4qd0107sj1jhdk4-jq-1.8.1-bin"
        }
      }
    },
    "just@latest": {
      "last_modified": "2026-05-21T08:15:18Z",
      "resolved": "github:NixOS/nixpkgs/4a29d733e8a7d5b824c3d8c958a946a9867b3eb2#just",
      "source": "devbox-search",
      "version": "1.51.0",
      "systems": {
        "aarch64-darwin": {
          "outputs": [
            {
              "name": "out",
              "path": "/nix/store/18ml04rix1526kmcv5fcir6n7cb8lxyf-just-1.51.0",
              "default": true
            },
            {
              "name": "man",
              "path": "/nix/store/48iac05gjz4kjpx605hcgn95an8ary9q-just-1.51.0-man",
              "default": true
            },
            {
              "name": "doc",
              "path": "/nix/store/d0n7b7xd2miyja6m2nlzc2szj0gqzgxb-just-1.51.0-doc"
            }
          ],
          "store_path": "/nix/store/18ml04rix1526kmcv5fcir6n7cb8lxyf-just-1.51.0"
        },
        "aarch64-linux": {
          "outputs": [
            {
              "name": "out",
              "path": "/nix/store/6q8i59br2gzxnqax4dz3g1fmkwp2mfs2-just-1.51.0",
              "default": true
            },
            {
              "name": "man",
              "path": "/nix/store/8ygmlmpxmggc2wqbkz1yhf7fz5nwg084-just-1.51.0-man",
              "default": true
            },
            {
              "name": "doc",
              "path": "/nix/store/ppj3c78k6x3bql77f3mgrjjrxb2jjc0q-just-1.51.0-doc"
            }
          ],
          "store_path": "/nix/store/6q8i59br2gzxnqax4dz3g1fmkwp2mfs2-just-1.51.0"
        },
        "x86_64-darwin": {
          "outputs": [
            {
              "name": "out",
              "path": "/nix/store/7ppiil9ycr565vqgbc18x4rpgbfgcnzy-just-1.51.0",
              "default": true
            },
            {
              "name": "man",
              "path": "/nix/store/144wqvh3s441y05xvzn8m16rhcqbki7d-just-1.51.0-man",
              "default": true
            },
            {
              "name": "doc",
              "path": "/nix/store/x5g644hwbjdlij9w37gwgg1z1h4b6qqk-just-1.51.0-doc"
            }
          ],
          "store_path": "/nix/store/7ppiil9ycr565vqgbc18x4rpgbfgcnzy-just-1.51.0"
        },
        "x86_64-linux": {
          "outputs": [
            {
              "name": "out",
              "path": "/nix/store/3j32zmchv9wd60qng1mm04yj07wf04i8-just-1.51.0",
              "default": true
            },
            {
              "name": "man",
              "path": "/nix/store/p04vig0h2hj7hg5vgd74n5nphlcy23l8-just-1.51.0-man",
              "default": true
            },
            {
              "name": "doc",
              "path": "/nix/store/r800x8xppg70s00hw3h6x9cxpd6nh06y-just-1.51.0-doc"
            }
          ],
          "store_path": "/nix/store/3j32zmchv9wd60qng1mm04yj07wf04i8-just-1.51.0"
        }
      }
    },
    "nodejs@22": {
      "last_modified": "2026-05-21T08:15:18Z",
      "plugin_version": "0.0.2",
      "resolved": "github:NixOS/nixpkgs/4a29d733e8a7d5b824c3d8c958a946a9867b3eb2#nodejs_22",
      "source": "devbox-search",
      "version": "22.22.3",
      "systems": {
        "aarch64-darwin": {
          "outputs": [
            {
              "name": "out",
              "path": "/nix/store/k1yy2d1h7pvpac7m14vmaw23j529fpza-nodejs-22.22.3",
              "default": true
            }
          ],
          "store_path": "/nix/store/k1yy2d1h7pvpac7m14vmaw23j529fpza-nodejs-22.22.3"
        },
        "aarch64-linux": {
          "outputs": [
            {
              "name": "out",
              "path": "/nix/store/d8zana2n6i904c088i533ivg1j817x8v-nodejs-22.22.3",
              "default": true
            }
          ],
          "store_path": "/nix/store/d8zana2n6i904c088i533ivg1j817x8v-nodejs-22.22.3"
        },
        "x86_64-darwin": {
          "outputs": [
            {
              "name": "out",
              "path": "/nix/store/9yvmgryhhwnswgaji30cpw4m9swhv1ia-nodejs-22.22.3",
              "default": true
            }
          ],
          "store_path": "/nix/store/9yvmgryhhwnswgaji30cpw4m9swhv1ia-nodejs-22.22.3"
        },
        "x86_64-linux": {
          "outputs": [
            {
              "name": "out",
              "path": "/nix/store/ac9bklddx1klg92hj7r08xmpky1nwag2-nodejs-22.22.3",
              "default": true
            }
          ],
          "store_path": "/nix/store/ac9bklddx1klg92hj7r08xmpky1nwag2-nodejs-22.22.3"
        }
      }
    }
  }
}
